# This file is automatically @generated by Cargo.
# It is not intended for manual editing.
version = 4

[[package]]
name = "signal-auras-cli"
version = "0.1.0"
dependencies = [
 "signal-auras-core",
 "signal-auras-lua",
 "signal-auras-wayland",
]

[[package]]
name = "signal-auras-core"
version = "0.1.0"

[[package]]
name = "signal-auras-lua"
version = "0.1.0"
dependencies = [
 "signal-auras-core",
]

[[package]]
name = "signal-auras-wayland"
version = "0.1.0"
dependencies = [
 "signal-auras-core",
]

[[package]]
name = "signal-auras-workspace"
version = "0.1.0"
dependencies = [
 "signal-auras-cli",
 "signal-auras-core",
 "signal-auras-lua",
 "signal-auras-wayland",
]
